
Microsoft Visual Studio Solution File, Format Version 12.00
# Visual Studio Version 17
VisualStudioVersion = 17.0.31903.59
MinimumVisualStudioVersion = 10.0.40219.1
Project("{2150E333-8FDC-42A3-9474-1A3956D46DE8}") = "src", "src", "{F9C47869-E091-40BA-B31B-E02A815F8A4E}"
EndProject
Project("{2150E333-8FDC-42A3-9474-1A3956D46DE8}") = "Shared", "Shared", "{224055E6-414E-4A65-8A2C-FA3E796CF2E0}"
EndProject
Project("{FAE04EC0-301F-11D3-BF4B-00C04F79EFBC}") = "TravelAgency.Shared.Contracts", "src\Shared\TravelAgency.Shared.Contracts\TravelAgency.Shared.Contracts.csproj", "{657E58C9-A2B7-47C3-8E52-D8BA959B8458}"
EndProject
Project("{2150E333-8FDC-42A3-9474-1A3956D46DE8}") = "Gateway", "Gateway", "{EA85D932-BB81-49A1-A862-6697FB7AD4B7}"
EndProject
Project("{FAE04EC0-301F-11D3-BF4B-00C04F79EFBC}") = "TravelAgency.Gateway", "src\Gateway\TravelAgency.Gateway\TravelAgency.Gateway.csproj", "{87DF55F3-2463-40DD-86FC-C864260203DC}"
EndProject
Project("{2150E333-8FDC-42A3-9474-1A3956D46DE8}") = "Services", "Services", "{E804717B-A7D9-40FB-8B06-58BFED623DB8}"
EndProject
Project("{2150E333-8FDC-42A3-9474-1A3956D46DE8}") = "Identity", "Identity", "{EEF99E9F-58FF-48E1-89C1-22DCA094209A}"
EndProject
Project("{FAE04EC0-301F-11D3-BF4B-00C04F79EFBC}") = "TravelAgency.Identity.Domain", "src\Services\Identity\TravelAgency.Identity.Domain\TravelAgency.Identity.Domain.csproj", "{8CCCFC76-E331-4347-B4B4-88C16744BB6C}"
EndProject
Project("{FAE04EC0-301F-11D3-BF4B-00C04F79EFBC}") = "TravelAgency.Identity.Application", "src\Services\Identity\TravelAgency.Identity.Application\TravelAgency.Identity.Application.csproj", "{B432F5D9-89FC-4092-B35D-1022A3A4B01A}"
EndProject
Project("{FAE04EC0-301F-11D3-BF4B-00C04F79EFBC}") = "TravelAgency.Identity.Infrastructure", "src\Services\Identity\TravelAgency.Identity.Infrastructure\TravelAgency.Identity.Infrastructure.csproj", "{C883FBAF-D114-42D0-9869-3FD6D7C35AA4}"
EndProject
Project("{FAE04EC0-301F-11D3-BF4B-00C04F79EFBC}") = "TravelAgency.Identity.API", "src\Services\Identity\TravelAgency.Identity.API\TravelAgency.Identity.API.csproj", "{CA3435C9-0BC7-495E-8584-9E2F3D88442C}"
EndProject
Project("{2150E333-8FDC-42A3-9474-1A3956D46DE8}") = "Catalog", "Catalog", "{269756D1-D866-4DE3-8A17-61BA7E3FAD04}"
EndProject
Project("{FAE04EC0-301F-11D3-BF4B-00C04F79EFBC}") = "TravelAgency.Catalog.Domain", "src\Services\Catalog\TravelAgency.Catalog.Domain\TravelAgency.Catalog.Domain.csproj", "{7FE08E44-2E09-43A3-BF45-1E874DB50CA8}"
EndProject
Project("{FAE04EC0-301F-11D3-BF4B-00C04F79EFBC}") = "TravelAgency.Catalog.Application", "src\Services\Catalog\TravelAgency.Catalog.Application\TravelAgency.Catalog.Application.csproj", "{CD818766-7DA0-426D-93D7-BFE1FB405E7C}"
EndProject
Project("{FAE04EC0-301F-11D3-BF4B-00C04F79EFBC}") = "TravelAgency.Catalog.Infrastructure", "src\Services\Catalog\TravelAgency.Catalog.Infrastructure\TravelAgency.Catalog.Infrastructure.csproj", "{1C0968E7-DC9A-40BE-8F80-FAC0CD0C5699}"
EndProject
Project("{FAE04EC0-301F-11D3-BF4B-00C04F79EFBC}") = "TravelAgency.Catalog.API", "src\Services\Catalog\TravelAgency.Catalog.API\TravelAgency.Catalog.API.csproj", "{BB93E138-4D84-4AB5-B026-F0BB6753CABB}"
EndProject
Project("{2150E333-8FDC-42A3-9474-1A3956D46DE8}") = "Booking", "Booking", "{D06A85A0-8EF9-4228-BC3B-CEAB106804D2}"
EndProject
Project("{FAE04EC0-301F-11D3-BF4B-00C04F79EFBC}") = "TravelAgency.Booking.Domain", "src\Services\Booking\TravelAgency.Booking.Domain\TravelAgency.Booking.Domain.csproj", "{C01ABA15-3D26-40AC-913A-4173CFBE2B6E}"
EndProject
Project("{FAE04EC0-301F-11D3-BF4B-00C04F79EFBC}") = "TravelAgency.Booking.Application", "src\Services\Booking\TravelAgency.Booking.Application\TravelAgency.Booking.Application.csproj", "{DA1BD3AD-BED2-4002-A8CB-4FF0C383F8B1}"
EndProject
Project("{FAE04EC0-301F-11D3-BF4B-00C04F79EFBC}") = "TravelAgency.Booking.Infrastructure", "src\Services\Booking\TravelAgency.Booking.Infrastructure\TravelAgency.Booking.Infrastructure.csproj", "{0AB7E02A-3998-401D-80F1-396786EF6D86}"
EndProject
Project("{FAE04EC0-301F-11D3-BF4B-00C04F79EFBC}") = "TravelAgency.Booking.API", "src\Services\Booking\TravelAgency.Booking.API\TravelAgency.Booking.API.csproj", "{F27FFF6E-09D6-48F9-9DBD-F988D2794364}"
EndProject
Project("{2150E333-8FDC-42A3-9474-1A3956D46DE8}") = "Chat", "Chat", "{BE769332-16A2-406F-B2FD-6CF773B1C0C7}"
EndProject
Project("{FAE04EC0-301F-11D3-BF4B-00C04F79EFBC}") = "TravelAgency.Chat.Domain", "src\Services\Chat\TravelAgency.Chat.Domain\TravelAgency.Chat.Domain.csproj", "{3A0CB4DA-BDD1-469C-8D40-414418DD5AE3}"
EndProject
Project("{FAE04EC0-301F-11D3-BF4B-00C04F79EFBC}") = "TravelAgency.Chat.Application", "src\Services\Chat\TravelAgency.Chat.Application\TravelAgency.Chat.Application.csproj", "{F20F5FF4-0F21-424A-8D15-CCB0E9812A88}"
EndProject
Project("{FAE04EC0-301F-11D3-BF4B-00C04F79EFBC}") = "TravelAgency.Chat.Infrastructure", "src\Services\Chat\TravelAgency.Chat.Infrastructure\TravelAgency.Chat.Infrastructure.csproj", "{A56DCD06-B46B-4E6D-AB40-39840FEB9D8C}"
EndProject
Project("{FAE04EC0-301F-11D3-BF4B-00C04F79EFBC}") = "TravelAgency.Chat.API", "src\Services\Chat\TravelAgency.Chat.API\TravelAgency.Chat.API.csproj", "{57821F2F-B2BB-4CF9-94AD-67FC515A5D27}"
EndProject
Project("{2150E333-8FDC-42A3-9474-1A3956D46DE8}") = "Media", "Media", "{3BF27568-F099-434F-84D0-3F50C7C58778}"
EndProject
Project("{FAE04EC0-301F-11D3-BF4B-00C04F79EFBC}") = "TravelAgency.Media.Domain", "src\Services\Media\TravelAgency.Media.Domain\TravelAgency.Media.Domain.csproj", "{32F21A22-B94B-49C2-AC0D-56820080AE56}"
EndProject
Project("{FAE04EC0-301F-11D3-BF4B-00C04F79EFBC}") = "TravelAgency.Media.Application", "src\Services\Media\TravelAgency.Media.Application\TravelAgency.Media.Application.csproj", "{E2CF94DA-B677-4798-A580-32C3C9F826AB}"
EndProject
Project("{FAE04EC0-301F-11D3-BF4B-00C04F79EFBC}") = "TravelAgency.Media.Infrastructure", "src\Services\Media\TravelAgency.Media.Infrastructure\TravelAgency.Media.Infrastructure.csproj", "{7F5F81B2-27FF-493F-8364-885FE637112E}"
EndProject
Project("{FAE04EC0-301F-11D3-BF4B-00C04F79EFBC}") = "TravelAgency.Media.API", "src\Services\Media\TravelAgency.Media.API\TravelAgency.Media.API.csproj", "{89B6ADD4-7EB6-41EC-9455-E4F8B3228DD8}"
EndProject
Global
	GlobalSection(SolutionConfigurationPlatforms) = preSolution
		Debug|Any CPU = Debug|Any CPU
		Release|Any CPU = Release|Any CPU
	EndGlobalSection
	GlobalSection(SolutionProperties) = preSolution
		HideSolutionNode = FALSE
	EndGlobalSection
	GlobalSection(ProjectConfigurationPlatforms) = postSolution
		{657E58C9-A2B7-47C3-8E52-D8BA959B8458}.Debug|Any CPU.ActiveCfg = Debug|Any CPU
		{657E58C9-A2B7-47C3-8E52-D8BA959B8458}.Debug|Any CPU.Build.0 = Debug|Any CPU
		{657E58C9-A2B7-47C3-8E52-D8BA959B8458}.Release|Any CPU.ActiveCfg = Release|Any CPU
		{657E58C9-A2B7-47C3-8E52-D8BA959B8458}.Release|Any CPU.Build.0 = Release|Any CPU
		{87DF55F3-2463-40DD-86FC-C864260203DC}.Debug|Any CPU.ActiveCfg = Debug|Any CPU
		{87DF55F3-2463-40DD-86FC-C864260203DC}.Debug|Any CPU.Build.0 = Debug|Any CPU
		{87DF55F3-2463-40DD-86FC-C864260203DC}.Release|Any CPU.ActiveCfg = Release|Any CPU
		{87DF55F3-2463-40DD-86FC-C864260203DC}.Release|Any CPU.Build.0 = Release|Any CPU
		{8CCCFC76-E331-4347-B4B4-88C16744BB6C}.Debug|Any CPU.ActiveCfg = Debug|Any CPU
		{8CCCFC76-E331-4347-B4B4-88C16744BB6C}.Debug|Any CPU.Build.0 = Debug|Any CPU
		{8CCCFC76-E331-4347-B4B4-88C16744BB6C}.Release|Any CPU.ActiveCfg = Release|Any CPU
		{8CCCFC76-E331-4347-B4B4-88C16744BB6C}.Release|Any CPU.Build.0 = Release|Any CPU
		{B432F5D9-89FC-4092-B35D-1022A3A4B01A}.Debug|Any CPU.ActiveCfg = Debug|Any CPU
		{B432F5D9-89FC-4092-B35D-1022A3A4B01A}.Debug|Any CPU.Build.0 = Debug|Any CPU
		{B432F5D9-89FC-4092-B35D-1022A3A4B01A}.Release|Any CPU.ActiveCfg = Release|Any CPU
		{B432F5D9-89FC-4092-B35D-1022A3A4B01A}.Release|Any CPU.Build.0 = Release|Any CPU
		{C883FBAF-D114-42D0-9869-3FD6D7C35AA4}.Debug|Any CPU.ActiveCfg = Debug|Any CPU
		{C883FBAF-D114-42D0-9869-3FD6D7C35AA4}.Debug|Any CPU.Build.0 = Debug|Any CPU
		{C883FBAF-D114-42D0-9869-3FD6D7C35AA4}.Release|Any CPU.ActiveCfg = Release|Any CPU
		{C883FBAF-D114-42D0-9869-3FD6D7C35AA4}.Release|Any CPU.Build.0 = Release|Any CPU
		{CA3435C9-0BC7-495E-8584-9E2F3D88442C}.Debug|Any CPU.ActiveCfg = Debug|Any CPU
		{CA3435C9-0BC7-495E-8584-9E2F3D88442C}.Debug|Any CPU.Build.0 = Debug|Any CPU
		{CA3435C9-0BC7-495E-8584-9E2F3D88442C}.Release|Any CPU.ActiveCfg = Release|Any CPU
		{CA3435C9-0BC7-495E-8584-9E2F3D88442C}.Release|Any CPU.Build.0 = Release|Any CPU
		{7FE08E44-2E09-43A3-BF45-1E874DB50CA8}.Debug|Any CPU.ActiveCfg = Debug|Any CPU
		{7FE08E44-2E09-43A3-BF45-1E874DB50CA8}.Debug|Any CPU.Build.0 = Debug|Any CPU
		{7FE08E44-2E09-43A3-BF45-1E874DB50CA8}.Release|Any CPU.ActiveCfg = Release|Any CPU
		{7FE08E44-2E09-43A3-BF45-1E874DB50CA8}.Release|Any CPU.Build.0 = Release|Any CPU
		{CD818766-7DA0-426D-93D7-BFE1FB405E7C}.Debug|Any CPU.ActiveCfg = Debug|Any CPU
		{CD818766-7DA0-426D-93D7-BFE1FB405E7C}.Debug|Any CPU.Build.0 = Debug|Any CPU
		{CD818766-7DA0-426D-93D7-BFE1FB405E7C}.Release|Any CPU.ActiveCfg = Release|Any CPU
		{CD818766-7DA0-426D-93D7-BFE1FB405E7C}.Release|Any CPU.Build.0 = Release|Any CPU
		{1C0968E7-DC9A-40BE-8F80-FAC0CD0C5699}.Debug|Any CPU.ActiveCfg = Debug|Any CPU
		{1C0968E7-DC9A-40BE-8F80-FAC0CD0C5699}.Debug|Any CPU.Build.0 = Debug|Any CPU
		{1C0968E7-DC9A-40BE-8F80-FAC0CD0C5699}.Release|Any CPU.ActiveCfg = Release|Any CPU
		{1C0968E7-DC9A-40BE-8F80-FAC0CD0C5699}.Release|Any CPU.Build.0 = Release|Any CPU
		{BB93E138-4D84-4AB5-B026-F0BB6753CABB}.Debug|Any CPU.ActiveCfg = Debug|Any CPU
		{BB93E138-4D84-4AB5-B026-F0BB6753CABB}.Debug|Any CPU.Build.0 = Debug|Any CPU
		{BB93E138-4D84-4AB5-B026-F0BB6753CABB}.Release|Any CPU.ActiveCfg = Release|Any CPU
		{BB93E138-4D84-4AB5-B026-F0BB6753CABB}.Release|Any CPU.Build.0 = Release|Any CPU
		{C01ABA15-3D26-40AC-913A-4173CFBE2B6E}.Debug|Any CPU.ActiveCfg = Debug|Any CPU
		{C01ABA15-3D26-40AC-913A-4173CFBE2B6E}.Debug|Any CPU.Build.0 = Debug|Any CPU
		{C01ABA15-3D26-40AC-913A-4173CFBE2B6E}.Release|Any CPU.ActiveCfg = Release|Any CPU
		{C01ABA15-3D26-40AC-913A-4173CFBE2B6E}.Release|Any CPU.Build.0 = Release|Any CPU
		{DA1BD3AD-BED2-4002-A8CB-4FF0C383F8B1}.Debug|Any CPU.ActiveCfg = Debug|Any CPU
		{DA1BD3AD-BED2-4002-A8CB-4FF0C383F8B1}.Debug|Any CPU.Build.0 = Debug|Any CPU
		{DA1BD3AD-BED2-4002-A8CB-4FF0C383F8B1}.Release|Any CPU.ActiveCfg = Release|Any CPU
		{DA1BD3AD-BED2-4002-A8CB-4FF0C383F8B1}.Release|Any CPU.Build.0 = Release|Any CPU
		{0AB7E02A-3998-401D-80F1-396786EF6D86}.Debug|Any CPU.ActiveCfg = Debug|Any CPU
		{0AB7E02A-3998-401D-80F1-396786EF6D86}.Debug|Any CPU.Build.0 = Debug|Any CPU
		{0AB7E02A-3998-401D-80F1-396786EF6D86}.Release|Any CPU.ActiveCfg = Release|Any CPU
		{0AB7E02A-3998-401D-80F1-396786EF6D86}.Release|Any CPU.Build.0 = Release|Any CPU
		{F27FFF6E-09D6-48F9-9DBD-F988D2794364}.Debug|Any CPU.ActiveCfg = Debug|Any CPU
		{F27FFF6E-09D6-48F9-9DBD-F988D2794364}.Debug|Any CPU.Build.0 = Debug|Any CPU
		{F27FFF6E-09D6-48F9-9DBD-F988D2794364}.Release|Any CPU.ActiveCfg = Release|Any CPU
		{F27FFF6E-09D6-48F9-9DBD-F988D2794364}.Release|Any CPU.Build.0 = Release|Any CPU
		{3A0CB4DA-BDD1-469C-8D40-414418DD5AE3}.Debug|Any CPU.ActiveCfg = Debug|Any CPU
		{3A0CB4DA-BDD1-469C-8D40-414418DD5AE3}.Debug|Any CPU.Build.0 = Debug|Any CPU
		{3A0CB4DA-BDD1-469C-8D40-414418DD5AE3}.Release|Any CPU.ActiveCfg = Release|Any CPU
		{3A0CB4DA-BDD1-469C-8D40-414418DD5AE3}.Release|Any CPU.Build.0 = Release|Any CPU
		{F20F5FF4-0F21-424A-8D15-CCB0E9812A88}.Debug|Any CPU.ActiveCfg = Debug|Any CPU
		{F20F5FF4-0F21-424A-8D15-CCB0E9812A88}.Debug|Any CPU.Build.0 = Debug|Any CPU
		{F20F5FF4-0F21-424A-8D15-CCB0E9812A88}.Release|Any CPU.ActiveCfg = Release|Any CPU
		{F20F5FF4-0F21-424A-8D15-CCB0E9812A88}.Release|Any CPU.Build.0 = Release|Any CPU
		{A56DCD06-B46B-4E6D-AB40-39840FEB9D8C}.Debug|Any CPU.ActiveCfg = Debug|Any CPU
		{A56DCD06-B46B-4E6D-AB40-39840FEB9D8C}.Debug|Any CPU.Build.0 = Debug|Any CPU
		{A56DCD06-B46B-4E6D-AB40-39840FEB9D8C}.Release|Any CPU.ActiveCfg = Release|Any CPU
		{A56DCD06-B46B-4E6D-AB40-39840FEB9D8C}.Release|Any CPU.Build.0 = Release|Any CPU
		{57821F2F-B2BB-4CF9-94AD-67FC515A5D27}.Debug|Any CPU.ActiveCfg = Debug|Any CPU
		{57821F2F-B2BB-4CF9-94AD-67FC515A5D27}.Debug|Any CPU.Build.0 = Debug|Any CPU
		{57821F2F-B2BB-4CF9-94AD-67FC515A5D27}.Release|Any CPU.ActiveCfg = Release|Any CPU
		{57821F2F-B2BB-4CF9-94AD-67FC515A5D27}.Release|Any CPU.Build.0 = Release|Any CPU
		{32F21A22-B94B-49C2-AC0D-56820080AE56}.Debug|Any CPU.ActiveCfg = Debug|Any CPU
		{32F21A22-B94B-49C2-AC0D-56820080AE56}.Debug|Any CPU.Build.0 = Debug|Any CPU
		{32F21A22-B94B-49C2-AC0D-56820080AE56}.Release|Any CPU.ActiveCfg = Release|Any CPU
		{32F21A22-B94B-49C2-AC0D-56820080AE56}.Release|Any CPU.Build.0 = Release|Any CPU
		{E2CF94DA-B677-4798-A580-32C3C9F826AB}.Debug|Any CPU.ActiveCfg = Debug|Any CPU
		{E2CF94DA-B677-4798-A580-32C3C9F826AB}.Debug|Any CPU.Build.0 = Debug|Any CPU
		{E2CF94DA-B677-4798-A580-32C3C9F826AB}.Release|Any CPU.ActiveCfg = Release|Any CPU
		{E2CF94DA-B677-4798-A580-32C3C9F826AB}.Release|Any CPU.Build.0 = Release|Any CPU
		{7F5F81B2-27FF-493F-8364-885FE637112E}.Debug|Any CPU.ActiveCfg = Debug|Any CPU
		{7F5F81B2-27FF-493F-8364-885FE637112E}.Debug|Any CPU.Build.0 = Debug|Any CPU
		{7F5F81B2-27FF-493F-8364-885FE637112E}.Release|Any CPU.ActiveCfg = Release|Any CPU
		{7F5F81B2-27FF-493F-8364-885FE637112E}.Release|Any CPU.Build.0 = Release|Any CPU
		{89B6ADD4-7EB6-41EC-9455-E4F8B3228DD8}.Debug|Any CPU.ActiveCfg = Debug|Any CPU
		{89B6ADD4-7EB6-41EC-9455-E4F8B3228DD8}.Debug|Any CPU.Build.0 = Debug|Any CPU
		{89B6ADD4-7EB6-41EC-9455-E4F8B3228DD8}.Release|Any CPU.ActiveCfg = Release|Any CPU
		{89B6ADD4-7EB6-41EC-9455-E4F8B3228DD8}.Release|Any CPU.Build.0 = Release|Any CPU
	EndGlobalSection
	GlobalSection(NestedProjects) = preSolution
		{224055E6-414E-4A65-8A2C-FA3E796CF2E0} = {F9C47869-E091-40BA-B31B-E02A815F8A4E}
		{657E58C9-A2B7-47C3-8E52-D8BA959B8458} = {224055E6-414E-4A65-8A2C-FA3E796CF2E0}
		{EA85D932-BB81-49A1-A862-6697FB7AD4B7} = {F9C47869-E091-40BA-B31B-E02A815F8A4E}
		{87DF55F3-2463-40DD-86FC-C864260203DC} = {EA85D932-BB81-49A1-A862-6697FB7AD4B7}
		{E804717B-A7D9-40FB-8B06-58BFED623DB8} = {F9C47869-E091-40BA-B31B-E02A815F8A4E}
		{EEF99E9F-58FF-48E1-89C1-22DCA094209A} = {E804717B-A7D9-40FB-8B06-58BFED623DB8}
		{8CCCFC76-E331-4347-B4B4-88C16744BB6C} = {EEF99E9F-58FF-48E1-89C1-22DCA094209A}
		{B432F5D9-89FC-4092-B35D-1022A3A4B01A} = {EEF99E9F-58FF-48E1-89C1-22DCA094209A}
		{C883FBAF-D114-42D0-9869-3FD6D7C35AA4} = {EEF99E9F-58FF-48E1-89C1-22DCA094209A}
		{CA3435C9-0BC7-495E-8584-9E2F3D88442C} = {EEF99E9F-58FF-48E1-89C1-22DCA094209A}
		{269756D1-D866-4DE3-8A17-61BA7E3FAD04} = {E804717B-A7D9-40FB-8B06-58BFED623DB8}
		{7FE08E44-2E09-43A3-BF45-1E874DB50CA8} = {269756D1-D866-4DE3-8A17-61BA7E3FAD04}
		{CD818766-7DA0-426D-93D7-BFE1FB405E7C} = {269756D1-D866-4DE3-8A17-61BA7E3FAD04}
		{1C0968E7-DC9A-40BE-8F80-FAC0CD0C5699} = {269756D1-D866-4DE3-8A17-61BA7E3FAD04}
		{BB93E138-4D84-4AB5-B026-F0BB6753CABB} = {269756D1-D866-4DE3-8A17-61BA7E3FAD04}
		{D06A85A0-8EF9-4228-BC3B-CEAB106804D2} = {E804717B-A7D9-40FB-8B06-58BFED623DB8}
		{C01ABA15-3D26-40AC-913A-4173CFBE2B6E} = {D06A85A0-8EF9-4228-BC3B-CEAB106804D2}
		{DA1BD3AD-BED2-4002-A8CB-4FF0C383F8B1} = {D06A85A0-8EF9-4228-BC3B-CEAB106804D2}
		{0AB7E02A-3998-401D-80F1-396786EF6D86} = {D06A85A0-8EF9-4228-BC3B-CEAB106804D2}
		{F27FFF6E-09D6-48F9-9DBD-F988D2794364} = {D06A85A0-8EF9-4228-BC3B-CEAB106804D2}
		{BE769332-16A2-406F-B2FD-6CF773B1C0C7} = {E804717B-A7D9-40FB-8B06-58BFED623DB8}
		{3A0CB4DA-BDD1-469C-8D40-414418DD5AE3} = {BE769332-16A2-406F-B2FD-6CF773B1C0C7}
		{F20F5FF4-0F21-424A-8D15-CCB0E9812A88} = {BE769332-16A2-406F-B2FD-6CF773B1C0C7}
		{A56DCD06-B46B-4E6D-AB40-39840FEB9D8C} = {BE769332-16A2-406F-B2FD-6CF773B1C0C7}
		{57821F2F-B2BB-4CF9-94AD-67FC515A5D27} = {BE769332-16A2-406F-B2FD-6CF773B1C0C7}
		{3BF27568-F099-434F-84D0-3F50C7C58778} = {E804717B-A7D9-40FB-8B06-58BFED623DB8}
		{32F21A22-B94B-49C2-AC0D-56820080AE56} = {3BF27568-F099-434F-84D0-3F50C7C58778}
		{E2CF94DA-B677-4798-A580-32C3C9F826AB} = {3BF27568-F099-434F-84D0-3F50C7C58778}
		{7F5F81B2-27FF-493F-8364-885FE637112E} = {3BF27568-F099-434F-84D0-3F50C7C58778}
		{89B6ADD4-7EB6-41EC-9455-E4F8B3228DD8} = {3BF27568-F099-434F-84D0-3F50C7C58778}
	EndGlobalSection
EndGlobal
